
Microsoft Visual Studio Solution File, Format Version 12.00
# Visual Studio Version 17
VisualStudioVersion = 17.14.36127.28
MinimumVisualStudioVersion = 10.0.40219.1
Project("{FAE04EC0-301F-11D3-BF4B-00C04F79EFBC}") = "ControlHub.API", "ControlHub.API\ControlHub.API.csproj", "{8A2AAA95-94F2-41B6-8D30-6483656B1362}"
EndProject
Project("{FAE04EC0-301F-11D3-BF4B-00C04F79EFBC}") = "ControlHub.Domain", "ControlHub.Domain\ControlHub.Domain.csproj", "{C0A7F451-5FD8-4EFD-B1C3-598E7CD0E299}"
EndProject
Project("{FAE04EC0-301F-11D3-BF4B-00C04F79EFBC}") = "ControlHub.Infrastructure", "ControlHub.Infrastructure\ControlHub.Infrastructure.csproj", "{57329986-BA53-4267-941D-98E82FB605EF}"
EndProject
Project("{FAE04EC0-301F-11D3-BF4B-00C04F79EFBC}") = "ControlHub.Application", "ControlHub.Application\ControlHub.Application.csproj", "{8BC4BF58-E3D5-4E73-B79D-F6D09240F3FE}"
EndProject
Project("{FAE04EC0-301F-11D3-BF4B-00C04F79EFBC}") = "ControlHub.SharedKernel", "ControlHub.SharedKernel\ControlHub.SharedKernel.csproj", "{03F403A4-4D52-4A34-BF27-33704B461878}"
EndProject
Project("{2150E333-8FDC-42A3-9474-1A3956D46DE8}") = "tests", "tests", "{02EA681E-C7D8-13C7-8484-4AC65E1B71E8}"
EndProject
Project("{FAE04EC0-301F-11D3-BF4B-00C04F79EFBC}") = "ControlHub.Domain.Tests", "ControlHub.Domain.Tests\ControlHub.Domain.Tests.csproj", "{66F0DE76-8946-4B62-9020-0405F0CD3901}"
EndProject
Project("{FAE04EC0-301F-11D3-BF4B-00C04F79EFBC}") = "ControlHub.Application.Tests", "ControlHub.Application.Tests\ControlHub.Application.Tests.csproj", "{9F51CD1F-D32A-4D7A-91DD-95ECB7AEC1E4}"
EndProject
Project("{FAE04EC0-301F-11D3-BF4B-00C04F79EFBC}") = "ControlHub.Infrastructure.Tests", "ControlHub.Infrastructure.Tests\ControlHub.Infrastructure.Tests.csproj", "{1E4DD0EE-05EA-499D-B371-9A1FA16B413E}"
EndProject
Project("{FAE04EC0-301F-11D3-BF4B-00C04F79EFBC}") = "ControlHub.Api.Tests", "ControlHub.Api.Tests\ControlHub.Api.Tests.csproj", "{886E998C-3381-4583-A080-B15FB477959E}"
EndProject
Project("{2150E333-8FDC-42A3-9474-1A3956D46DE8}") = "src", "src", "{5B8891C8-A637-45CE-85AA-F107FB84743A}"
EndProject
Global
	GlobalSection(SolutionConfigurationPlatforms) = preSolution
		Debug|Any CPU = Debug|Any CPU
		Release|Any CPU = Release|Any CPU
	EndGlobalSection
	GlobalSection(ProjectConfigurationPlatforms) = postSolution
		{8A2AAA95-94F2-41B6-8D30-6483656B1362}.Debug|Any CPU.ActiveCfg = Debug|Any CPU
		{8A2AAA95-94F2-41B6-8D30-6483656B1362}.Debug|Any CPU.Build.0 = Debug|Any CPU
		{8A2AAA95-94F2-41B6-8D30-6483656B1362}.Release|Any CPU.ActiveCfg = Release|Any CPU
		{8A2AAA95-94F2-41B6-8D30-6483656B1362}.Release|Any CPU.Build.0 = Release|Any CPU
		{C0A7F451-5FD8-4EFD-B1C3-598E7CD0E299}.Debug|Any CPU.ActiveCfg = Debug|Any CPU
		{C0A7F451-5FD8-4EFD-B1C3-598E7CD0E299}.Debug|Any CPU.Build.0 = Debug|Any CPU
		{C0A7F451-5FD8-4EFD-B1C3-598E7CD0E299}.Release|Any CPU.ActiveCfg = Release|Any CPU
		{C0A7F451-5FD8-4EFD-B1C3-598E7CD0E299}.Release|Any CPU.Build.0 = Release|Any CPU
		{57329986-BA53-4267-941D-98E82FB605EF}.Debug|Any CPU.ActiveCfg = Debug|Any CPU
		{57329986-BA53-4267-941D-98E82FB605EF}.Debug|Any CPU.Build.0 = Debug|Any CPU
		{57329986-BA53-4267-941D-98E82FB605EF}.Release|Any CPU.ActiveCfg = Release|Any CPU
		{57329986-BA53-4267-941D-98E82FB605EF}.Release|Any CPU.Build.0 = Release|Any CPU
		{8BC4BF58-E3D5-4E73-B79D-F6D09240F3FE}.Debug|Any CPU.ActiveCfg = Debug|Any CPU
		{8BC4BF58-E3D5-4E73-B79D-F6D09240F3FE}.Debug|Any CPU.Build.0 = Debug|Any CPU
		{8BC4BF58-E3D5-4E73-B79D-F6D09240F3FE}.Release|Any CPU.ActiveCfg = Release|Any CPU
		{8BC4BF58-E3D5-4E73-B79D-F6D09240F3FE}.Release|Any CPU.Build.0 = Release|Any CPU
		{03F403A4-4D52-4A34-BF27-33704B461878}.Debug|Any CPU.ActiveCfg = Debug|Any CPU
		{03F403A4-4D52-4A34-BF27-33704B461878}.Debug|Any CPU.Build.0 = Debug|Any CPU
		{03F403A4-4D52-4A34-BF27-33704B461878}.Release|Any CPU.ActiveCfg = Release|Any CPU
		{03F403A4-4D52-4A34-BF27-33704B461878}.Release|Any CPU.Build.0 = Release|Any CPU
		{66F0DE76-8946-4B62-9020-0405F0CD3901}.Debug|Any CPU.ActiveCfg = Debug|Any CPU
		{66F0DE76-8946-4B62-9020-0405F0CD3901}.Debug|Any CPU.Build.0 = Debug|Any CPU
		{66F0DE76-8946-4B62-9020-0405F0CD3901}.Release|Any CPU.ActiveCfg = Release|Any CPU
		{66F0DE76-8946-4B62-9020-0405F0CD3901}.Release|Any CPU.Build.0 = Release|Any CPU
		{9F51CD1F-D32A-4D7A-91DD-95ECB7AEC1E4}.Debug|Any CPU.ActiveCfg = Debug|Any CPU
		{9F51CD1F-D32A-4D7A-91DD-95ECB7AEC1E4}.Debug|Any CPU.Build.0 = Debug|Any CPU
		{9F51CD1F-D32A-4D7A-91DD-95ECB7AEC1E4}.Release|Any CPU.ActiveCfg = Release|Any CPU
		{9F51CD1F-D32A-4D7A-91DD-95ECB7AEC1E4}.Release|Any CPU.Build.0 = Release|Any CPU
		{1E4DD0EE-05EA-499D-B371-9A1FA16B413E}.Debug|Any CPU.ActiveCfg = Debug|Any CPU
		{1E4DD0EE-05EA-499D-B371-9A1FA16B413E}.Debug|Any CPU.Build.0 = Debug|Any CPU
		{1E4DD0EE-05EA-499D-B371-9A1FA16B413E}.Release|Any CPU.ActiveCfg = Release|Any CPU
		{1E4DD0EE-05EA-499D-B371-9A1FA16B413E}.Release|Any CPU.Build.0 = Release|Any CPU
		{886E998C-3381-4583-A080-B15FB477959E}.Debug|Any CPU.ActiveCfg = Debug|Any CPU
		{886E998C-3381-4583-A080-B15FB477959E}.Debug|Any CPU.Build.0 = Debug|Any CPU
		{886E998C-3381-4583-A080-B15FB477959E}.Release|Any CPU.ActiveCfg = Release|Any CPU
		{886E998C-3381-4583-A080-B15FB477959E}.Release|Any CPU.Build.0 = Release|Any CPU
	EndGlobalSection
	GlobalSection(SolutionProperties) = preSolution
		HideSolutionNode = FALSE
	EndGlobalSection
	GlobalSection(NestedProjects) = preSolution
		{66F0DE76-8946-4B62-9020-0405F0CD3901} = {02EA681E-C7D8-13C7-8484-4AC65E1B71E8}
		{9F51CD1F-D32A-4D7A-91DD-95ECB7AEC1E4} = {02EA681E-C7D8-13C7-8484-4AC65E1B71E8}
		{1E4DD0EE-05EA-499D-B371-9A1FA16B413E} = {02EA681E-C7D8-13C7-8484-4AC65E1B71E8}
		{886E998C-3381-4583-A080-B15FB477959E} = {02EA681E-C7D8-13C7-8484-4AC65E1B71E8}
	EndGlobalSection
	GlobalSection(ExtensibilityGlobals) = postSolution
		SolutionGuid = {354D4808-78DA-433E-953D-D10A49927587}
	EndGlobalSection
EndGlobal
